
Microsoft Visual Studio Solution File, Format Version 12.00
# Visual Studio 2012
Project("{FAE04EC0-301F-11D3-BF4B-00C04F79EFBC}") = "Mailgun.Web", "Mailgun.Web\Mailgun.Web.csproj", "{E00F6355-E823-4CEE-BBEF-A8B5503585C1}"
EndProject
Project("{2150E333-8FDC-42A3-9474-1A3956D46DE8}") = ".nuget", ".nuget", "{8555886E-FA75-4F49-83F8-74304BB6F0E2}"
	ProjectSection(SolutionItems) = preProject
		.nuget\NuGet.Config = .nuget\NuGet.Config
		.nuget\NuGet.exe = .nuget\NuGet.exe
		.nuget\NuGet.targets = .nuget\NuGet.targets
	EndProjectSection
EndProject
Global
	GlobalSection(SolutionConfigurationPlatforms) = preSolution
		Debug|Any CPU = Debug|Any CPU
		Release|Any CPU = Release|Any CPU
	EndGlobalSection
	GlobalSection(ProjectConfigurationPlatforms) = postSolution
		{E00F6355-E823-4CEE-BBEF-A8B5503585C1}.Debug|Any CPU.ActiveCfg = Debug|Any CPU
		{E00F6355-E823-4CEE-BBEF-A8B5503585C1}.Debug|Any CPU.Build.0 = Debug|Any CPU
		{E00F6355-E823-4CEE-BBEF-A8B5503585C1}.Release|Any CPU.ActiveCfg = Release|Any CPU
		{E00F6355-E823-4CEE-BBEF-A8B5503585C1}.Release|Any CPU.Build.0 = Release|Any CPU
	EndGlobalSection
	GlobalSection(SolutionProperties) = preSolution
		HideSolutionNode = FALSE
	EndGlobalSection
EndGlobal
